// !$*UTF8*$!
{
	archiveVersion = 1;
	classes = {
	};
	objectVersion = 77;
	objects = {

/* Begin PBXBuildFile section */
		40A80D6E2DEBBD7500DB249A /* CalendarView.swift in Sources */ = {isa = PBXBuildFile; fileRef = 40A80D5A2DEBB28B00DB249A /* CalendarView.swift */; };
		40A80D6F2DEBBE3C00DB249A /* DailyView.swift in Sources */ = {isa = PBXBuildFile; fileRef = 40A80D6A2DEBB73600DB249A /* DailyView.swift */; };
		40A80D702DEBBE4900DB249A /* SummaryView.swift in Sources */ = {isa = PBXBuildFile; fileRef = 40A80D6D2DEBB7D000DB249A /* SummaryView.swift */; };
		40A80D712DEBBE5B00DB249A /* MealEntryEditView.swift in Sources */ = {isa = PBXBuildFile; fileRef = 40A80D6B2DEBB7A400DB249A /* MealEntryEditView.swift */; };
		40A80D722DEBC25F00DB249A /* MealType.swift in Sources */ = {isa = PBXBuildFile; fileRef = 40A80D682DEBB67300DB249A /* MealType.swift */; };
		40A80D732DEBC26C00DB249A /* MacroCalculator.swift in Sources */ = {isa = PBXBuildFile; fileRef = 40A80D6C2DEBB7C100DB249A /* MacroCalculator.swift */; };
		40A80D742DEBC27100DB249A /* Date+Extensions.swift in Sources */ = {isa = PBXBuildFile; fileRef = 40A80D692DEBB6E900DB249A /* Date+Extensions.swift */; };
		40A80D752DEBC35D00DB249A /* PersistenceController.swift in Sources */ = {isa = PBXBuildFile; fileRef = 40A80D582DEBB1F400DB249A /* PersistenceController.swift */; };
		AAAAAAAA1111BBBBBB2222CC /* Info.plist in Resources */ = {isa = PBXBuildFile; fileRef = DDDDDDDD3333EEEEEE4444FF /* Info.plist */; };
/* End PBXBuildFile section */

/* Begin PBXFileReference section */
		DDDDDDDD3333EEEEEE4444FF /* Info.plist */ = {isa = PBXFileReference; lastKnownFileType = text.plist.xml; name = Info.plist; path = NutriJournal/Info.plist; sourceTree = "<group>"; };
		40A80D3A2DEBAA5500DB249A /* NutriJournal.app */ = {isa = PBXFileReference; explicitFileType = wrapper.application; includeInIndex = 0; path = NutriJournal.app; sourceTree = BUILT_PRODUCTS_DIR; };
		40A80D582DEBB1F400DB249A /* PersistenceController.swift */ = {isa = PBXFileReference; lastKnownFileType = sourcecode.swift; path = PersistenceController.swift; sourceTree = "<group>"; };
		40A80D5A2DEBB28B00DB249A /* CalendarView.swift */ = {isa = PBXFileReference; lastKnownFileType = sourcecode.swift; path = CalendarView.swift; sourceTree = "<group>"; };
		40A80D682DEBB67300DB249A /* MealType.swift */ = {isa = PBXFileReference; lastKnownFileType = sourcecode.swift; path = MealType.swift; sourceTree = "<group>"; };
		40A80D692DEBB6E900DB249A /* Date+Extensions.swift */ = {isa = PBXFileReference; lastKnownFileType = sourcecode.swift; path = "Date+Extensions.swift"; sourceTree = "<group>"; };
		40A80D6A2DEBB73600DB249A /* DailyView.swift */ = {isa = PBXFileReference; lastKnownFileType = sourcecode.swift; path = DailyView.swift; sourceTree = "<group>"; };
		40A80D6B2DEBB7A400DB249A /* MealEntryEditView.swift */ = {isa = PBXFileReference; lastKnownFileType = sourcecode.swift; path = MealEntryEditView.swift; sourceTree = "<group>"; };
		40A80D6C2DEBB7C100DB249A /* MacroCalculator.swift */ = {isa = PBXFileReference; lastKnownFileType = sourcecode.swift; path = MacroCalculator.swift; sourceTree = "<group>"; };
		40A80D6D2DEBB7D000DB249A /* SummaryView.swift */ = {isa = PBXFileReference; lastKnownFileType = sourcecode.swift; path = SummaryView.swift; sourceTree = "<group>"; };
/* End PBXFileReference section */

/* Begin PBXFileSystemSynchronizedRootGroup section */
		40A80D3C2DEBAA5500DB249A /* NutriJournal */ = {
			isa = PBXFileSystemSynchronizedRootGroup;
			path = NutriJournal;
			sourceTree = "<group>";
		};
/* End PBXFileSystemSynchronizedRootGroup section */

/* Begin PBXFrameworksBuildPhase section */
		40A80D372DEBAA5500DB249A /* Frameworks */ = {
			isa = PBXFrameworksBuildPhase;
			buildActionMask = 2147483647;
			files = (
			);
			runOnlyForDeploymentPostprocessing = 0;
		};
/* End PBXFrameworksBuildPhase section */

/* Begin PBXGroup section */
		40A80D312DEBAA5500DB249A = {
			isa = PBXGroup;
			children = (
				40A80D672DEBB66100DB249A /* Resources */,
				40A80D662DEBB65B00DB249A /* Helpers */,
				40A80D652DEBB64F00DB249A /* ViewModels */,
				40A80D642DEBB64500DB249A /* Models */,
				40A80D592DEBB28100DB249A /* Views */,
				40A80D572DEBB1E400DB249A /* Persistence */,
				40A80D3C2DEBAA5500DB249A /* NutriJournal */,
				40A80D3B2DEBAA5500DB249A /* Products */,
			);
			sourceTree = "<group>";
		};
		40A80D3B2DEBAA5500DB249A /* Products */ = {
			isa = PBXGroup;
			children = (
				40A80D3A2DEBAA5500DB249A /* NutriJournal.app */,
			);
			name = Products;
			sourceTree = "<group>";
		};
		40A80D572DEBB1E400DB249A /* Persistence */ = {
			isa = PBXGroup;
			children = (
				40A80D582DEBB1F400DB249A /* PersistenceController.swift */,
			);
			path = Persistence;
			sourceTree = "<group>";
		};
		40A80D592DEBB28100DB249A /* Views */ = {
			isa = PBXGroup;
			children = (
				40A80D6D2DEBB7D000DB249A /* SummaryView.swift */,
				40A80D6B2DEBB7A400DB249A /* MealEntryEditView.swift */,
				40A80D6A2DEBB73600DB249A /* DailyView.swift */,
				40A80D5A2DEBB28B00DB249A /* CalendarView.swift */,
			);
			path = Views;
			sourceTree = "<group>";
		};
		40A80D642DEBB64500DB249A /* Models */ = {
			isa = PBXGroup;
			children = (
				40A80D682DEBB67300DB249A /* MealType.swift */,
			);
			path = Models;
			sourceTree = "<group>";
		};
		40A80D652DEBB64F00DB249A /* ViewModels */ = {
			isa = PBXGroup;
			children = (
			);
			path = ViewModels;
			sourceTree = "<group>";
		};
		40A80D662DEBB65B00DB249A /* Helpers */ = {
			isa = PBXGroup;
			children = (
				40A80D6C2DEBB7C100DB249A /* MacroCalculator.swift */,
				40A80D692DEBB6E900DB249A /* Date+Extensions.swift */,
			);
			path = Helpers;
			sourceTree = "<group>";
		};
		40A80D672DEBB66100DB249A /* Resources */ = {
			isa = PBXGroup;
			children = (
				DDDDDDDD3333EEEEEE4444FF /* Info.plist */,
			);
			path = Resources;
			sourceTree = "<group>";
		};
/* End PBXGroup section */

/* Begin PBXNativeTarget section */
		40A80D392DEBAA5500DB249A /* NutriJournal */ = {
			isa = PBXNativeTarget;
			buildConfigurationList = 40A80D4B2DEBAA5800DB249A /* Build configuration list for PBXNativeTarget "NutriJournal" */;
			buildPhases = (
				40A80D362DEBAA5500DB249A /* Sources */,
				40A80D372DEBAA5500DB249A /* Frameworks */,
				40A80D382DEBAA5500DB249A /* Resources */,
			);
			buildRules = (
			);
			dependencies = (
			);
			fileSystemSynchronizedGroups = (
				40A80D3C2DEBAA5500DB249A /* NutriJournal */,
			);
			name = NutriJournal;
			packageProductDependencies = (
			);
			productName = NutriJournal;
			productReference = 40A80D3A2DEBAA5500DB249A /* NutriJournal.app */;
			productType = "com.apple.product-type.application";
		};
/* End PBXNativeTarget section */

/* Begin PBXProject section */
		40A80D322DEBAA5500DB249A /* Project object */ = {
			isa = PBXProject;
			attributes = {
				BuildIndependentTargetsInParallel = 1;
				LastSwiftUpdateCheck = 1630;
				LastUpgradeCheck = 1630;
				TargetAttributes = {
					40A80D392DEBAA5500DB249A = {
						CreatedOnToolsVersion = 16.3;
					};
				};
			};
			buildConfigurationList = 40A80D352DEBAA5500DB249A /* Build configuration list for PBXProject "NutriJournal" */;
			developmentRegion = en;
			hasScannedForEncodings = 0;
			knownRegions = (
				en,
				Base,
			);
			mainGroup = 40A80D312DEBAA5500DB249A;
			minimizedProjectReferenceProxies = 1;
			preferredProjectObjectVersion = 77;
			productRefGroup = 40A80D3B2DEBAA5500DB249A /* Products */;
			projectDirPath = "";
			projectRoot = "";
			targets = (
				40A80D392DEBAA5500DB249A /* NutriJournal */,
			);
		};
/* End PBXProject section */

/* Begin PBXResourcesBuildPhase section */
		40A80D382DEBAA5500DB249A /* Resources */ = {
			isa = PBXResourcesBuildPhase;
			buildActionMask = 2147483647;
			files = (
				AAAAAAAA1111BBBBBB2222CC /* Info.plist in Resources */,
			);
			runOnlyForDeploymentPostprocessing = 0;
		};
/* End PBXResourcesBuildPhase section */

/* Begin PBXSourcesBuildPhase section */
		40A80D362DEBAA5500DB249A /* Sources */ = {
			isa = PBXSourcesBuildPhase;
			buildActionMask = 2147483647;
			files = (
				40A80D6E2DEBBD7500DB249A /* CalendarView.swift in Sources */,
				40A80D6F2DEBBE3C00DB249A /* DailyView.swift in Sources */,
				40A80D712DEBBE5B00DB249A /* MealEntryEditView.swift in Sources */,
				40A80D702DEBBE4900DB249A /* SummaryView.swift in Sources */,
				40A80D722DEBC25F00DB249A /* MealType.swift in Sources */,
				40A80D742DEBC27100DB249A /* Date+Extensions.swift in Sources */,
				40A80D752DEBC35D00DB249A /* PersistenceController.swift in Sources */,
				40A80D732DEBC26C00DB249A /* MacroCalculator.swift in Sources */,
			);
			runOnlyForDeploymentPostprocessing = 0;
		};
/* End PBXSourcesBuildPhase section */

/* Begin XCBuildConfiguration section */
		40A80D4C2DEBAA5800DB249A /* Debug */ = {
			isa = XCBuildConfiguration;
			buildSettings = {
				ASSETCATALOG_COMPILER_APPICON_NAME = AppIcon;
				ASSETCATALOG_COMPILER_GLOBAL_ACCENT_COLOR_NAME = AccentColor;
				CODE_SIGN_ENTITLEMENTS = NutriJournal/NutriJournal.entitlements;
				CODE_SIGN_STYLE = Automatic;
				CURRENT_PROJECT_VERSION = 1;
				ENABLE_PREVIEWS = YES;
				GENERATE_INFOPLIST_FILE = NO;
				INFOPLIST_FILE = NutriJournal/Info.plist;
				INFOPLIST_KEY_UIApplicationSceneManifest_Generation = YES;
				INFOPLIST_KEY_UIApplicationSupportsIndirectInputEvents = YES;
				INFOPLIST_KEY_UILaunchScreen_Generation = YES;
				INFOPLIST_KEY_UISupportedInterfaceOrientations_iPad = "UIInterfaceOrientationPortrait UIInterfaceOrientationPortraitUpsideDown UIInterfaceOrientationLandscapeLeft UIInterfaceOrientationLandscapeRight";
				INFOPLIST_KEY_UISupportedInterfaceOrientations_iPhone = "UIInterfaceOrientationPortrait UIInterfaceOrientationLandscapeLeft UIInterfaceOrientationLandscapeRight";
				LD_RUNPATH_SEARCH_PATHS = (
					"$(inherited)",
					"@executable_path/Frameworks",
				);
				MARKETING_VERSION = 1.0;
				PRODUCT_BUNDLE_IDENTIFIER = smishr97.NutriJournal;
				PRODUCT_NAME = "$(TARGET_NAME)";
				SWIFT_EMIT_LOC_STRINGS = YES;
				SWIFT_VERSION = 5.0;
				TARGETED_DEVICE_FAMILY = "1,2";
			};
			name = Debug;
		};
		40A80D4D2DEBAA5800DB249A /* Release */ = {
			isa = XCBuildConfiguration;
			buildSettings = {
				ASSETCATALOG_COMPILER_APPICON_NAME = AppIcon;
				ASSETCATALOG_COMPILER_GLOBAL_ACCENT_COLOR_NAME = AccentColor;
				CODE_SIGN_ENTITLEMENTS = NutriJournal/NutriJournal.entitlements;
				CODE_SIGN_STYLE = Automatic;
				CURRENT_PROJECT_VERSION = 1;
				ENABLE_PREVIEWS = YES;
				GENERATE_INFOPLIST_FILE = NO;
				INFOPLIST_FILE = NutriJournal/Info.plist;
				INFOPLIST_KEY_UIApplicationSceneManifest_Generation = YES;
				INFOPLIST_KEY_UIApplicationSupportsIndirectInputEvents = YES;
				INFOPLIST_KEY_UILaunchScreen_Generation = YES;
				INFOPLIST_KEY_UISupportedInterfaceOrientations_iPad = "UIInterfaceOrientationPortrait UIInterfaceOrientationPortraitUpsideDown UIInterfaceOrientationLandscapeLeft UIInterfaceOrientationLandscapeRight";
				INFOPLIST_KEY_UISupportedInterfaceOrientations_iPhone = "UIInterfaceOrientationPortrait UIInterfaceOrientationLandscapeLeft UIInterfaceOrientationLandscapeRight";
				LD_RUNPATH_SEARCH_PATHS = (
					"$(inherited)",
					"@executable_path/Frameworks",
				);
				MARKETING_VERSION = 1.0;
				PRODUCT_BUNDLE_IDENTIFIER = smishr97.NutriJournal;
				PRODUCT_NAME = "$(TARGET_NAME)";
				SWIFT_EMIT_LOC_STRINGS = YES;
				SWIFT_VERSION = 5.0;
				TARGETED_DEVICE_FAMILY = "1,2";
			};
			name = Release;
		};
		40A80D4E2DEBAA5800DB249A /* Debug */ = {
			isa = XCBuildConfiguration;
			buildSettings = {
				ALWAYS_SEARCH_USER_PATHS = NO;
				ASSETCATALOG_COMPILER_GENERATE_SWIFT_ASSET_SYMBOL_EXTENSIONS = YES;
				CLANG_ANALYZER_NONNULL = YES;
				CLANG_ANALYZER_NUMBER_OBJECT_CONVERSION = YES_AGGRESSIVE;
				CLANG_CXX_LANGUAGE_STANDARD = "gnu++20";
				CLANG_ENABLE_MODULES = YES;
				CLANG_ENABLE_OBJC_ARC = YES;
				CLANG_ENABLE_OBJC_WEAK = YES;
				CLANG_WARN_BLOCK_CAPTURE_AUTORELEASING = YES;
				CLANG_WARN_BOOL_CONVERSION = YES;
				CLANG_WARN_COMMA = YES;
				CLANG_WARN_CONSTANT_CONVERSION = YES;
				CLANG_WARN_DEPRECATED_OBJC_IMPLEMENTATIONS = YES;
				CLANG_WARN_DIRECT_OBJC_ISA_USAGE = YES_ERROR;
				CLANG_WARN_DOCUMENTATION_COMMENTS = YES;
				CLANG_WARN_EMPTY_BODY = YES;
				CLANG_WARN_ENUM_CONVERSION = YES;
				CLANG_WARN_INFINITE_RECURSION = YES;
				CLANG_WARN_INT_CONVERSION = YES;
				CLANG_WARN_NON_LITERAL_NULL_CONVERSION = YES;
				CLANG_WARN_OBJC_IMPLICIT_RETAIN_SELF = YES;
				CLANG_WARN_OBJC_LITERAL_CONVERSION = YES;
				CLANG_WARN_OBJC_ROOT_CLASS = YES_ERROR;
				CLANG_WARN_QUOTED_INCLUDE_IN_FRAMEWORK_HEADER = YES;
				CLANG_WARN_RANGE_LOOP_ANALYSIS = YES;
				CLANG_WARN_STRICT_PROTOTYPES = YES;
				CLANG_WARN_SUSPICIOUS_MOVE = YES;
				CLANG_WARN_UNGUARDED_AVAILABILITY = YES_AGGRESSIVE;
				CLANG_WARN_UNREACHABLE_CODE = YES;
				CLANG_WARN__DUPLICATE_METHOD_MATCH = YES;
				COPY_PHASE_STRIP = NO;
				DEBUG_INFORMATION_FORMAT = dwarf;
				ENABLE_STRICT_OBJC_MSGSEND = YES;
				ENABLE_TESTABILITY = YES;
				ENABLE_USER_SCRIPT_SANDBOXING = YES;
				GCC_C_LANGUAGE_STANDARD = gnu17;
				GCC_DYNAMIC_NO_PIC = NO;
				GCC_NO_COMMON_BLOCKS = YES;
				GCC_OPTIMIZATION_LEVEL = 0;
				GCC_PREPROCESSOR_DEFINITIONS = (
					"DEBUG=1",
					"$(inherited)",
				);
				GCC_WARN_64_TO_32_BIT_CONVERSION = YES;
				GCC_WARN_ABOUT_RETURN_TYPE = YES_ERROR;
				GCC_WARN_UNDECLARED_SELECTOR = YES;
				GCC_WARN_UNINITIALIZED_AUTOS = YES_AGGRESSIVE;
				GCC_WARN_UNUSED_FUNCTION = YES;
				GCC_WARN_UNUSED_VARIABLE = YES;
				IPHONEOS_DEPLOYMENT_TARGET = 18.4;
				LOCALIZATION_PREFERS_STRING_CATALOGS = YES;
				MTL_ENABLE_DEBUG_INFO = INCLUDE_SOURCE;
				MTL_FAST_MATH = YES;
				ONLY_ACTIVE_ARCH = YES;
				SDKROOT = iphoneos;
				SWIFT_ACTIVE_COMPILATION_CONDITIONS = "DEBUG $(inherited)";
				SWIFT_OPTIMIZATION_LEVEL = "-Onone";
			};
			name = Debug;
		};
		40A80D4F2DEBAA5800DB249A /* Release */ = {
			isa = XCBuildConfiguration;
			buildSettings = {
				ALWAYS_SEARCH_USER_PATHS = NO;
				ASSETCATALOG_COMPILER_GENERATE_SWIFT_ASSET_SYMBOL_EXTENSIONS = YES;
				CLANG_ANALYZER_NONNULL = YES;
				CLANG_ANALYZER_NUMBER_OBJECT_CONVERSION = YES_AGGRESSIVE;
				CLANG_CXX_LANGUAGE_STANDARD = "gnu++20";
				CLANG_ENABLE_MODULES = YES;
				CLANG_ENABLE_OBJC_ARC = YES;
				CLANG_ENABLE_OBJC_WEAK = YES;
				CLANG_WARN_BLOCK_CAPTURE_AUTORELEASING = YES;
				CLANG_WARN_BOOL_CONVERSION = YES;
				CLANG_WARN_COMMA = YES;
				CLANG_WARN_CONSTANT_CONVERSION = YES;
				CLANG_WARN_DEPRECATED_OBJC_IMPLEMENTATIONS = YES;
				CLANG_WARN_DIRECT_OBJC_ISA_USAGE = YES_ERROR;
				CLANG_WARN_DOCUMENTATION_COMMENTS = YES;
				CLANG_WARN_EMPTY_BODY = YES;
				CLANG_WARN_ENUM_CONVERSION = YES;
				CLANG_WARN_INFINITE_RECURSION = YES;
				CLANG_WARN_INT_CONVERSION = YES;
				CLANG_WARN_NON_LITERAL_NULL_CONVERSION = YES;
				CLANG_WARN_OBJC_IMPLICIT_RETAIN_SELF = YES;
				CLANG_WARN_OBJC_LITERAL_CONVERSION = YES;
				CLANG_WARN_OBJC_ROOT_CLASS = YES_ERROR;
				CLANG_WARN_QUOTED_INCLUDE_IN_FRAMEWORK_HEADER = YES;
				CLANG_WARN_RANGE_LOOP_ANALYSIS = YES;
				CLANG_WARN_STRICT_PROTOTYPES = YES;
				CLANG_WARN_SUSPICIOUS_MOVE = YES;
				CLANG_WARN_UNGUARDED_AVAILABILITY = YES_AGGRESSIVE;
				CLANG_WARN_UNREACHABLE_CODE = YES;
				CLANG_WARN__DUPLICATE_METHOD_MATCH = YES;
				COPY_PHASE_STRIP = NO;
				DEBUG_INFORMATION_FORMAT = "dwarf-with-dsym";
				ENABLE_NS_ASSERTIONS = NO;
				ENABLE_STRICT_OBJC_MSGSEND = YES;
				ENABLE_USER_SCRIPT_SANDBOXING = YES;
				GCC_C_LANGUAGE_STANDARD = gnu17;
				GCC_NO_COMMON_BLOCKS = YES;
				GCC_WARN_64_TO_32_BIT_CONVERSION = YES;
				GCC_WARN_ABOUT_RETURN_TYPE = YES_ERROR;
				GCC_WARN_UNDECLARED_SELECTOR = YES;
				GCC_WARN_UNINITIALIZED_AUTOS = YES_AGGRESSIVE;
				GCC_WARN_UNUSED_FUNCTION = YES;
				GCC_WARN_UNUSED_VARIABLE = YES;
				IPHONEOS_DEPLOYMENT_TARGET = 18.4;
				LOCALIZATION_PREFERS_STRING_CATALOGS = YES;
				MTL_ENABLE_DEBUG_INFO = NO;
				MTL_FAST_MATH = YES;
				SDKROOT = iphoneos;
				SWIFT_COMPILATION_MODE = wholemodule;
				VALIDATE_PRODUCT = YES;
			};
			name = Release;
		};
/* End XCBuildConfiguration section */

/* Begin XCConfigurationList section */
		40A80D352DEBAA5500DB249A /* Build configuration list for PBXProject "NutriJournal" */ = {
			isa = XCConfigurationList;
			buildConfigurations = (
				40A80D4E2DEBAA5800DB249A /* Debug */,
				40A80D4F2DEBAA5800DB249A /* Release */,
			);
			defaultConfigurationIsVisible = 0;
			defaultConfigurationName = Release;
		};
		40A80D4B2DEBAA5800DB249A /* Build configuration list for PBXNativeTarget "NutriJournal" */ = {
			isa = XCConfigurationList;
			buildConfigurations = (
				40A80D4C2DEBAA5800DB249A /* Debug */,
				40A80D4D2DEBAA5800DB249A /* Release */,
			);
			defaultConfigurationIsVisible = 0;
			defaultConfigurationName = Release;
		};
/* End XCConfigurationList section */
	};
	rootObject = 40A80D322DEBAA5500DB249A /* Project object */;
}
